
Microsoft Visual Studio Solution File, Format Version 12.00
# Visual Studio Version 17
VisualStudioVersion = 17.14.36908.2 d17.14
MinimumVisualStudioVersion = 10.0.40219.1
Project("{FAE04EC0-301F-11D3-BF4B-00C04F79EFBC}") = "lab9", "lab9\lab9.csproj", "{E6E168BD-556A-4126-9109-B00AAB05105C}"
EndProject
Global
	GlobalSection(SolutionConfigurationPlatforms) = preSolution
		Debug|Any CPU = Debug|Any CPU
		Release|Any CPU = Release|Any CPU
	EndGlobalSection
	GlobalSection(ProjectConfigurationPlatforms) = postSolution
		{E6E168BD-556A-4126-9109-B00AAB05105C}.Debug|Any CPU.ActiveCfg = Debug|Any CPU
		{E6E168BD-556A-4126-9109-B00AAB05105C}.Debug|Any CPU.Build.0 = Debug|Any CPU
		{E6E168BD-556A-4126-9109-B00AAB05105C}.Release|Any CPU.ActiveCfg = Release|Any CPU
		{E6E168BD-556A-4126-9109-B00AAB05105C}.Release|Any CPU.Build.0 = Release|Any CPU
	EndGlobalSection
	GlobalSection(SolutionProperties) = preSolution
		HideSolutionNode = FALSE
	EndGlobalSection
	GlobalSection(ExtensibilityGlobals) = postSolution
		SolutionGuid = {082B7BBB-D9C1-4B9E-972E-1B1D5A65DCCF}
	EndGlobalSection
EndGlobal
