
Microsoft Visual Studio Solution File, Format Version 12.00
# Visual Studio Version 17
VisualStudioVersion = 17.14.37203.1 d17.14
MinimumVisualStudioVersion = 10.0.40219.1
Project("{FAE04EC0-301F-11D3-BF4B-00C04F79EFBC}") = "WpfApp9", "WpfApp9\WpfApp9.csproj", "{C51D9F4C-0C91-4AA1-AAF4-23358BBB4C84}"
EndProject
Global
	GlobalSection(SolutionConfigurationPlatforms) = preSolution
		Debug|Any CPU = Debug|Any CPU
		Release|Any CPU = Release|Any CPU
	EndGlobalSection
	GlobalSection(ProjectConfigurationPlatforms) = postSolution
		{C51D9F4C-0C91-4AA1-AAF4-23358BBB4C84}.Debug|Any CPU.ActiveCfg = Debug|Any CPU
		{C51D9F4C-0C91-4AA1-AAF4-23358BBB4C84}.Debug|Any CPU.Build.0 = Debug|Any CPU
		{C51D9F4C-0C91-4AA1-AAF4-23358BBB4C84}.Release|Any CPU.ActiveCfg = Release|Any CPU
		{C51D9F4C-0C91-4AA1-AAF4-23358BBB4C84}.Release|Any CPU.Build.0 = Release|Any CPU
	EndGlobalSection
	GlobalSection(SolutionProperties) = preSolution
		HideSolutionNode = FALSE
	EndGlobalSection
	GlobalSection(ExtensibilityGlobals) = postSolution
		SolutionGuid = {628442CF-5CB4-4BD8-82E7-63587C28913E}
	EndGlobalSection
EndGlobal
